<?xml version="1.0" encoding="utf-8"?>
<Project ToolsVersion="4.0" xmlns="http://schemas.microsoft.com/developer/msbuild/2003">
  <ItemGroup>
    <Filter Include="Source Files">
      <UniqueIdentifier>{4FC737F1-C7A5-4376-A066-2A32D752A2FF}</UniqueIdentifier>
      <Extensions>cpp;c;cc;cxx;c++;cppm;ixx;def;odl;idl;hpj;bat;asm;asmx</Extensions>
    </Filter>
    <Filter Include="Header Files">
      <UniqueIdentifier>{93995380-89BD-4b04-88EB-625FBE52EBFB}</UniqueIdentifier>
      <Extensions>h;hh;hpp;hxx;h++;hm;inl;inc;ipp;xsd</Extensions>
    </Filter>
    <Filter Include="Resource Files">
      <UniqueIdentifier>{67DA6AB6-F800-4c08-8B7A-83BB121AAD01}</UniqueIdentifier>
      <Extensions>rc;ico;cur;bmp;dlg;rc2;rct;bin;rgs;gif;jpg;jpeg;jpe;resx;tiff;tif;png;wav;mfcribbon-ms</Extensions>
    </Filter>
  </ItemGroup>
  <ItemGroup>
    <ClCompile Include="SOURCE\main.c">
      <Filter>Source Files</Filter>
    </ClCompile>
    <ClCompile Include="BOOTLOADER\SOURCE\HEAP\HEAP.c">
      <Filter>Source Files</Filter>
    </ClCompile>
    <ClCompile Include="BOOTLOADER\HEADER\STARTUP\STARTUP.h">
      <Filter>Header Files</Filter>
    </ClCompile>
    <ClCompile Include="BOOTLOADER\SOURCE\STARTUP\STARTUP_BOOTLOADER.c">
      <Filter>Source Files</Filter>
    </ClCompile>
    <ClCompile Include="BOOTLOADER\SOURCE\STARTUP\SUB\CPUID_HANDELING.c">
      <Filter>Source Files</Filter>
    </ClCompile>
    <ClCompile Include="BOOTLOADER\SOURCE\STARTUP\SUB\ACPI_HANDELING.cpp">
      <Filter>Source Files</Filter>
    </ClCompile>
    <ClCompile Include="BOOTLOADER\HEADER\BCD\BCD.cpp">
      <Filter>Source Files</Filter>
    </ClCompile>
  </ItemGroup>
  <ItemGroup>
    <ClInclude Include="BOOTLOADER\HEADER\ANNOTATIONS.h">
      <Filter>Header Files</Filter>
    </ClInclude>
    <ClInclude Include="BOOTLOADER\HEADER\GLOBALS.h">
      <Filter>Header Files</Filter>
    </ClInclude>
    <ClInclude Include="BOOTLOADER\HEADER\HEAP\HEAP.h">
      <Filter>Header Files</Filter>
    </ClInclude>
    <ClInclude Include="BOOTLOADER\HEADER\BOOT_DATA_INTERFACE.h">
      <Filter>Header Files</Filter>
    </ClInclude>
    <ClInclude Include="BOOTLOADER\HEADER\CPUID_LEAFS.h">
      <Filter>Header Files</Filter>
    </ClInclude>
    <ClInclude Include="BOOTLOADER\HEADER\ACPI_STRUCTS.h">
      <Filter>Header Files</Filter>
    </ClInclude>
    <ClInclude Include="BOOTLOADER\SOURCE\STARTUP\SUB\SUB_FORWARD_DECLARATIONS.h">
      <Filter>Header Files</Filter>
    </ClInclude>
    <ClInclude Include="BOOTLOADER\HEADER\BCD\BCD.h">
      <Filter>Header Files</Filter>
    </ClInclude>
  </ItemGroup>
  <ItemGroup>
    <None Include="cpp.hint" />
  </ItemGroup>
  <ItemGroup>
    <Text Include="DESCRIPTOR.TXT" />
  </ItemGroup>
</Project>