<?xml version="1.0" encoding="utf-8"?>
<Project ToolsVersion="4.0" xmlns="http://schemas.microsoft.com/developer/msbuild/2003">
  <ItemGroup>
    <Filter Include="Source Files">
      <UniqueIdentifier>{4FC737F1-C7A5-4376-A066-2A32D752A2FF}</UniqueIdentifier>
      <Extensions>cpp;c;cc;cxx;c++;cppm;ixx;def;odl;idl;hpj;bat;asm;asmx</Extensions>
    </Filter>
    <Filter Include="Header Files">
      <UniqueIdentifier>{93995380-89BD-4b04-88EB-625FBE52EBFB}</UniqueIdentifier>
      <Extensions>h;hh;hpp;hxx;h++;hm;inl;inc;ipp;xsd</Extensions>
    </Filter>
    <Filter Include="Resource Files">
      <UniqueIdentifier>{67DA6AB6-F800-4c08-8B7A-83BB121AAD01}</UniqueIdentifier>
      <Extensions>rc;ico;cur;bmp;dlg;rc2;rct;bin;rgs;gif;jpg;jpeg;jpe;resx;tiff;tif;png;wav;mfcribbon-ms</Extensions>
    </Filter>
  </ItemGroup>
  <ItemGroup>
    <ClCompile Include="SOURCE\main.c">
      <Filter>Source Files</Filter>
    </ClCompile>
    <ClCompile Include="SOURCE\HEAP\HEAP.c">
      <Filter>Source Files</Filter>
    </ClCompile>
    <ClCompile Include="PONG\ENGINE\SOURCE\RENDER\RENDER.c">
      <Filter>Source Files</Filter>
    </ClCompile>
    <ClCompile Include="PONG\ENGINE\SOURCE\INPUT\INPUT.c">
      <Filter>Source Files</Filter>
    </ClCompile>
    <ClCompile Include="PONG\ENGINE\SOURCE\PHYSICS\PHYSICS.c">
      <Filter>Source Files</Filter>
    </ClCompile>
    <ClCompile Include="PONG\GAME\SOURCE\OBJECTS\BALL\BALL.c">
      <Filter>Source Files</Filter>
    </ClCompile>
    <ClCompile Include="PONG\GAME\SOURCE\OBJECTS\PLAYER\PLAYER.c">
      <Filter>Source Files</Filter>
    </ClCompile>
    <ClCompile Include="SOURCE\RNG\RNG.c">
      <Filter>Source Files</Filter>
    </ClCompile>
    <ClCompile Include="BOOTLOADER\HEADER\STARTUP\STARTUP.h">
      <Filter>Header Files</Filter>
    </ClCompile>
    <ClCompile Include="BOOTLOADER\SOURCE\STARTUP\STARTUP.c">
      <Filter>Source Files</Filter>
    </ClCompile>
  </ItemGroup>
  <ItemGroup>
    <ClInclude Include="HEADER\RNG\RNG.h">
      <Filter>Header Files</Filter>
    </ClInclude>
    <ClInclude Include="PONG\ENGINE\HEADER\DATATYPES\VEC2\VEC2.h">
      <Filter>Header Files</Filter>
    </ClInclude>
    <ClInclude Include="PONG\ENGINE\HEADER\INPUT\INPUT.h">
      <Filter>Header Files</Filter>
    </ClInclude>
    <ClInclude Include="PONG\GAME\HEADER\OBJECTS\BALL.h">
      <Filter>Header Files</Filter>
    </ClInclude>
    <ClInclude Include="PONG\GAME\HEADER\OBJECTS\PLAYER.h">
      <Filter>Header Files</Filter>
    </ClInclude>
    <ClInclude Include="PONG\ENGINE\HEADER\PHYSICS\PHYSICS.h">
      <Filter>Header Files</Filter>
    </ClInclude>
    <ClInclude Include="PONG\ENGINE\HEADER\RENDER\RENDER.h">
      <Filter>Header Files</Filter>
    </ClInclude>
    <ClInclude Include="BOOTLOADER\HEADER\ANNOTATIONS.h">
      <Filter>Header Files</Filter>
    </ClInclude>
    <ClInclude Include="BOOTLOADER\HEADER\GLOBALS.h">
      <Filter>Header Files</Filter>
    </ClInclude>
    <ClInclude Include="BOOTLOADER\HEADER\HEAP\HEAP.h">
      <Filter>Header Files</Filter>
    </ClInclude>
    <ClInclude Include="PONG\ENGINE\HEADER\GAME_OBJECT\GAME_OBJECT.h">
      <Filter>Header Files</Filter>
    </ClInclude>
  </ItemGroup>
  <ItemGroup>
    <None Include="cpp.hint" />
  </ItemGroup>
</Project>