
Microsoft Visual Studio Solution File, Format Version 12.00
# Visual Studio Version 17
VisualStudioVersion = 17.14.36202.13
MinimumVisualStudioVersion = 10.0.40219.1
Project("{8BC9CEB8-8B4A-11D0-8D11-00A0C91BC942}") = "UEFI_PONG", "UEFI_PONG\UEFI_PONG.vcxproj", "{1C6AA463-4706-40F5-84A7-EE2D28B2B692}"
EndProject
Project("{8BC9CEB8-8B4A-11D0-8D11-00A0C91BC942}") = "KERNEL", "KERNEL\KERNEL.vcxproj", "{17CEACCC-8E34-4788-9244-8D2A74BADEC8}"
EndProject
Project("{8BC9CEB8-8B4A-11D0-8D11-00A0C91BC942}") = "FREESTANDING_STD++LIB", "FREESTANDING_STD++LIB\FREESTANDING_STD++LIB.vcxproj", "{BEE9A4C9-BC28-4A6C-A32F-6D238A748EE1}"
EndProject
Project("{8BC9CEB8-8B4A-11D0-8D11-00A0C91BC942}") = "LINKER", "LINKER\LINKER.vcxproj", "{9A6FE724-9A50-429A-90B1-F25A206362DC}"
EndProject
Project("{2150E333-8FDC-42A3-9474-1A3956D46DE8}") = "Solution Items", "Solution Items", "{8EC462FD-D22E-90A8-E5CE-7E832BA40C5D}"
	ProjectSection(SolutionItems) = preProject
		debug.vbs = debug.vbs
		Filters1.pvsconfig = Filters1.pvsconfig
		FILE_HEADERS.txt = FILE_HEADERS.txt
		LICENCES .txt = LICENCES .txt
		PVS_COMMENT.txt = PVS_COMMENT.txt
		README.md = README.md
	EndProjectSection
EndProject
Project("{8BC9CEB8-8B4A-11D0-8D11-00A0C91BC942}") = "FREESTANDING_STD_LIB_TESTS", "FREESTANDING_STD_LIB_TESTS\FREESTANDING_STD_LIB_TESTS.vcxproj", "{700A8D66-E74F-5341-C3FD-83A8C6BE9DD6}"
EndProject
Project("{8BC9CEB8-8B4A-11D0-8D11-00A0C91BC942}") = "CPP_RUNTIMELIB_STATIC_PART", "CPP_RUNTIMELIB_STATIC_PART\CPP_RUNTIMELIB_STATIC_PART.vcxproj", "{433D88F9-0CF3-42DA-9A57-D717557A5258}"
EndProject
Global
	GlobalSection(SolutionConfigurationPlatforms) = preSolution
		Debug|x64 = Debug|x64
		Debug|x86 = Debug|x86
		Release|x64 = Release|x64
		Release|x86 = Release|x86
	EndGlobalSection
	GlobalSection(ProjectConfigurationPlatforms) = postSolution
		{1C6AA463-4706-40F5-84A7-EE2D28B2B692}.Debug|x64.ActiveCfg = Debug|x64
		{1C6AA463-4706-40F5-84A7-EE2D28B2B692}.Debug|x64.Build.0 = Debug|x64
		{1C6AA463-4706-40F5-84A7-EE2D28B2B692}.Debug|x86.ActiveCfg = Debug|Win32
		{1C6AA463-4706-40F5-84A7-EE2D28B2B692}.Debug|x86.Build.0 = Debug|Win32
		{1C6AA463-4706-40F5-84A7-EE2D28B2B692}.Release|x64.ActiveCfg = Release|x64
		{1C6AA463-4706-40F5-84A7-EE2D28B2B692}.Release|x64.Build.0 = Release|x64
		{1C6AA463-4706-40F5-84A7-EE2D28B2B692}.Release|x86.ActiveCfg = Release|Win32
		{1C6AA463-4706-40F5-84A7-EE2D28B2B692}.Release|x86.Build.0 = Release|Win32
		{17CEACCC-8E34-4788-9244-8D2A74BADEC8}.Debug|x64.ActiveCfg = Debug|x64
		{17CEACCC-8E34-4788-9244-8D2A74BADEC8}.Debug|x64.Build.0 = Debug|x64
		{17CEACCC-8E34-4788-9244-8D2A74BADEC8}.Debug|x86.ActiveCfg = Debug|Win32
		{17CEACCC-8E34-4788-9244-8D2A74BADEC8}.Debug|x86.Build.0 = Debug|Win32
		{17CEACCC-8E34-4788-9244-8D2A74BADEC8}.Release|x64.ActiveCfg = Release|x64
		{17CEACCC-8E34-4788-9244-8D2A74BADEC8}.Release|x64.Build.0 = Release|x64
		{17CEACCC-8E34-4788-9244-8D2A74BADEC8}.Release|x86.ActiveCfg = Release|Win32
		{17CEACCC-8E34-4788-9244-8D2A74BADEC8}.Release|x86.Build.0 = Release|Win32
		{BEE9A4C9-BC28-4A6C-A32F-6D238A748EE1}.Debug|x64.ActiveCfg = Debug|x64
		{BEE9A4C9-BC28-4A6C-A32F-6D238A748EE1}.Debug|x64.Build.0 = Debug|x64
		{BEE9A4C9-BC28-4A6C-A32F-6D238A748EE1}.Debug|x86.ActiveCfg = Debug|Win32
		{BEE9A4C9-BC28-4A6C-A32F-6D238A748EE1}.Debug|x86.Build.0 = Debug|Win32
		{BEE9A4C9-BC28-4A6C-A32F-6D238A748EE1}.Release|x64.ActiveCfg = Release|x64
		{BEE9A4C9-BC28-4A6C-A32F-6D238A748EE1}.Release|x64.Build.0 = Release|x64
		{BEE9A4C9-BC28-4A6C-A32F-6D238A748EE1}.Release|x86.ActiveCfg = Release|Win32
		{BEE9A4C9-BC28-4A6C-A32F-6D238A748EE1}.Release|x86.Build.0 = Release|Win32
		{9A6FE724-9A50-429A-90B1-F25A206362DC}.Debug|x64.ActiveCfg = Debug|x64
		{9A6FE724-9A50-429A-90B1-F25A206362DC}.Debug|x64.Build.0 = Debug|x64
		{9A6FE724-9A50-429A-90B1-F25A206362DC}.Debug|x86.ActiveCfg = Debug|Win32
		{9A6FE724-9A50-429A-90B1-F25A206362DC}.Debug|x86.Build.0 = Debug|Win32
		{9A6FE724-9A50-429A-90B1-F25A206362DC}.Release|x64.ActiveCfg = Release|x64
		{9A6FE724-9A50-429A-90B1-F25A206362DC}.Release|x64.Build.0 = Release|x64
		{9A6FE724-9A50-429A-90B1-F25A206362DC}.Release|x86.ActiveCfg = Release|Win32
		{9A6FE724-9A50-429A-90B1-F25A206362DC}.Release|x86.Build.0 = Release|Win32
		{700A8D66-E74F-5341-C3FD-83A8C6BE9DD6}.Debug|x64.ActiveCfg = Debug|x64
		{700A8D66-E74F-5341-C3FD-83A8C6BE9DD6}.Debug|x64.Build.0 = Debug|x64
		{700A8D66-E74F-5341-C3FD-83A8C6BE9DD6}.Debug|x86.ActiveCfg = Debug|Win32
		{700A8D66-E74F-5341-C3FD-83A8C6BE9DD6}.Debug|x86.Build.0 = Debug|Win32
		{700A8D66-E74F-5341-C3FD-83A8C6BE9DD6}.Release|x64.ActiveCfg = Release|x64
		{700A8D66-E74F-5341-C3FD-83A8C6BE9DD6}.Release|x64.Build.0 = Release|x64
		{700A8D66-E74F-5341-C3FD-83A8C6BE9DD6}.Release|x86.ActiveCfg = Release|Win32
		{700A8D66-E74F-5341-C3FD-83A8C6BE9DD6}.Release|x86.Build.0 = Release|Win32
		{433D88F9-0CF3-42DA-9A57-D717557A5258}.Debug|x64.ActiveCfg = Debug|x64
		{433D88F9-0CF3-42DA-9A57-D717557A5258}.Debug|x64.Build.0 = Debug|x64
		{433D88F9-0CF3-42DA-9A57-D717557A5258}.Debug|x86.ActiveCfg = Debug|Win32
		{433D88F9-0CF3-42DA-9A57-D717557A5258}.Debug|x86.Build.0 = Debug|Win32
		{433D88F9-0CF3-42DA-9A57-D717557A5258}.Release|x64.ActiveCfg = Release|x64
		{433D88F9-0CF3-42DA-9A57-D717557A5258}.Release|x64.Build.0 = Release|x64
		{433D88F9-0CF3-42DA-9A57-D717557A5258}.Release|x86.ActiveCfg = Release|Win32
		{433D88F9-0CF3-42DA-9A57-D717557A5258}.Release|x86.Build.0 = Release|Win32
	EndGlobalSection
	GlobalSection(SolutionProperties) = preSolution
		HideSolutionNode = FALSE
	EndGlobalSection
	GlobalSection(ExtensibilityGlobals) = postSolution
		SolutionGuid = {BF678875-F2FC-4085-BC13-66EB6EC244DC}
	EndGlobalSection
EndGlobal
