<?xml version="1.0" encoding="utf-8"?>
<Project ToolsVersion="4.0" xmlns="http://schemas.microsoft.com/developer/msbuild/2003">
  <ItemGroup>
    <Filter Include="Source Files">
      <UniqueIdentifier>{4FC737F1-C7A5-4376-A066-2A32D752A2FF}</UniqueIdentifier>
      <Extensions>cpp;c;cc;cxx;c++;cppm;ixx;def;odl;idl;hpj;bat;asm;asmx</Extensions>
    </Filter>
    <Filter Include="Header Files">
      <UniqueIdentifier>{93995380-89BD-4b04-88EB-625FBE52EBFB}</UniqueIdentifier>
      <Extensions>h;hh;hpp;hxx;h++;hm;inl;inc;ipp;xsd</Extensions>
    </Filter>
    <Filter Include="Resource Files">
      <UniqueIdentifier>{67DA6AB6-F800-4c08-8B7A-83BB121AAD01}</UniqueIdentifier>
      <Extensions>rc;ico;cur;bmp;dlg;rc2;rct;bin;rgs;gif;jpg;jpeg;jpe;resx;tiff;tif;png;wav;mfcribbon-ms</Extensions>
    </Filter>
  </ItemGroup>
  <ItemGroup>
    <ClInclude Include="HEADER\CONCEPTS\CONCEPTS_f.h">
      <Filter>Header Files</Filter>
    </ClInclude>
    <ClInclude Include="HEADER\UTILLITY\UTILLITY_F.h">
      <Filter>Header Files</Filter>
    </ClInclude>
    <ClInclude Include="HEADER\TYPE_TRAITS\TYPE_TRAITS_F.h">
      <Filter>Header Files</Filter>
    </ClInclude>
    <ClInclude Include="HEADER\ARRAY\ARRAY_F.h">
      <Filter>Header Files</Filter>
    </ClInclude>
    <ClInclude Include="HEADER\STRING\STRING_F.h">
      <Filter>Header Files</Filter>
    </ClInclude>
    <ClInclude Include="HEADER\ATOMICS\ATOMIC_F.h">
      <Filter>Header Files</Filter>
    </ClInclude>
    <ClInclude Include="HEADER\SAL\SAL_F.h">
      <Filter>Header Files</Filter>
    </ClInclude>
    <ClInclude Include="HEADER\SMART_POINTERS\CONTROL_BLOCKS\CONTROL_BASE\CONTROL_BASE_F.h">
      <Filter>Header Files</Filter>
    </ClInclude>
    <ClInclude Include="HEADER\SMART_POINTERS\CONTROL_BLOCKS\UNIQUE\UNIQUE_BLOCK.h">
      <Filter>Header Files</Filter>
    </ClInclude>
    <ClInclude Include="HEADER\SMART_POINTERS\PTR_BASE\PTR_BASE.h">
      <Filter>Header Files</Filter>
    </ClInclude>
    <ClInclude Include="HEADER\SMART_POINTERS\UNIQUE_PTR\UNIQUE_PTR.h">
      <Filter>Header Files</Filter>
    </ClInclude>
    <ClInclude Include="HEADER\INTERNAL\MACROS.h">
      <Filter>Header Files</Filter>
    </ClInclude>
    <ClInclude Include="HEADER\VECTOR\VECTOR.h">
      <Filter>Header Files</Filter>
    </ClInclude>
  </ItemGroup>
  <ItemGroup>
    <ClCompile Include="SOURCE\UTILLITY\UTILLITY.cpp">
      <Filter>Source Files</Filter>
    </ClCompile>
    <ClCompile Include="SOURCE\ATOMIC\ATOMIC.cpp">
      <Filter>Source Files</Filter>
    </ClCompile>
  </ItemGroup>
  <ItemGroup>
    <None Include="..\.clang-tidy" />
    <None Include="cpp.hint" />
  </ItemGroup>
</Project>