<?xml version="1.0" encoding="utf-8"?>
<Project ToolsVersion="4.0" xmlns="http://schemas.microsoft.com/developer/msbuild/2003">
  <ItemGroup>
    <Filter Include="Source Files">
      <UniqueIdentifier>{4FC737F1-C7A5-4376-A066-2A32D752A2FF}</UniqueIdentifier>
      <Extensions>cpp;c;cc;cxx;c++;cppm;ixx;def;odl;idl;hpj;bat;asm;asmx</Extensions>
    </Filter>
    <Filter Include="Header Files">
      <UniqueIdentifier>{93995380-89BD-4b04-88EB-625FBE52EBFB}</UniqueIdentifier>
      <Extensions>h;hh;hpp;hxx;h++;hm;inl;inc;ipp;xsd</Extensions>
    </Filter>
    <Filter Include="Resource Files">
      <UniqueIdentifier>{67DA6AB6-F800-4c08-8B7A-83BB121AAD01}</UniqueIdentifier>
      <Extensions>rc;ico;cur;bmp;dlg;rc2;rct;bin;rgs;gif;jpg;jpeg;jpe;resx;tiff;tif;png;wav;mfcribbon-ms</Extensions>
    </Filter>
    <Filter Include="Header Files\CORE">
      <UniqueIdentifier>{de350eaf-0acc-440c-8101-07424e49ffec}</UniqueIdentifier>
    </Filter>
    <Filter Include="Header Files\CRT">
      <UniqueIdentifier>{c56d042d-a1c9-436a-925c-41012765ac87}</UniqueIdentifier>
    </Filter>
    <Filter Include="Header Files\EARLY_STDXXLIB">
      <UniqueIdentifier>{fdfe78b8-eba7-4a1e-9b7d-6dd81ff71930}</UniqueIdentifier>
    </Filter>
  </ItemGroup>
  <ItemGroup>
    <ClInclude Include="string.h">
      <Filter>Header Files</Filter>
    </ClInclude>
    <ClInclude Include="RTTI_DATA.h">
      <Filter>Header Files\CORE</Filter>
    </ClInclude>
    <ClInclude Include="ALLOCATORS.h">
      <Filter>Header Files\CORE</Filter>
    </ClInclude>
    <ClInclude Include="COMPARE.h">
      <Filter>Header Files\CORE</Filter>
    </ClInclude>
    <ClInclude Include="CPPRUNTIME.h">
      <Filter>Header Files\CORE</Filter>
    </ClInclude>
    <ClInclude Include="CRT_MACROS.h">
      <Filter>Header Files\CORE</Filter>
    </ClInclude>
    <ClInclude Include="EH_DATA.h">
      <Filter>Header Files\CORE</Filter>
    </ClInclude>
    <ClInclude Include="GLOBAL_STATE.h">
      <Filter>Header Files\CORE</Filter>
    </ClInclude>
    <ClInclude Include="INIT_RUNTIME.h">
      <Filter>Header Files\CORE</Filter>
    </ClInclude>
    <ClInclude Include="LANGUAGE_EXTENSION.h">
      <Filter>Header Files\CORE</Filter>
    </ClInclude>
  </ItemGroup>
  <ItemGroup>
    <ClCompile Include="INIT_RUNTIME.cpp">
      <Filter>Source Files</Filter>
    </ClCompile>
    <ClCompile Include="EXCEPTIONS.cpp">
      <Filter>Source Files</Filter>
    </ClCompile>
    <ClCompile Include="ALLOCATORS.cpp">
      <Filter>Source Files</Filter>
    </ClCompile>
    <ClCompile Include="TERMINATE.cpp">
      <Filter>Source Files</Filter>
    </ClCompile>
    <ClCompile Include="STRING.cpp">
      <Filter>Source Files</Filter>
    </ClCompile>
    <ClCompile Include="FASTFAIL.cpp">
      <Filter>Source Files</Filter>
    </ClCompile>
  </ItemGroup>
  <ItemGroup>
    <None Include=".clang-tidy" />
    <None Include="SuppressionFile.suppress" />
    <None Include="CPP_RUNTIMELIB_STATIC_PART.suppress" />
    <None Include="cpp.hint" />
  </ItemGroup>
</Project>