<?xml version="1.0" encoding="utf-8"?>
<Project ToolsVersion="4.0" xmlns="http://schemas.microsoft.com/developer/msbuild/2003">
  <ItemGroup>
    <Filter Include="Source Files">
      <UniqueIdentifier>{4FC737F1-C7A5-4376-A066-2A32D752A2FF}</UniqueIdentifier>
      <Extensions>cpp;c;cc;cxx;c++;cppm;ixx;def;odl;idl;hpj;bat;asm;asmx</Extensions>
    </Filter>
    <Filter Include="Header Files">
      <UniqueIdentifier>{93995380-89BD-4b04-88EB-625FBE52EBFB}</UniqueIdentifier>
      <Extensions>h;hh;hpp;hxx;h++;hm;inl;inc;ipp;xsd</Extensions>
    </Filter>
    <Filter Include="Resource Files">
      <UniqueIdentifier>{67DA6AB6-F800-4c08-8B7A-83BB121AAD01}</UniqueIdentifier>
      <Extensions>rc;ico;cur;bmp;dlg;rc2;rct;bin;rgs;gif;jpg;jpeg;jpe;resx;tiff;tif;png;wav;mfcribbon-ms</Extensions>
    </Filter>
    <Filter Include="Header Files\INTERNALS">
      <UniqueIdentifier>{a9348da5-fd91-4166-9a6d-567528e26704}</UniqueIdentifier>
    </Filter>
    <Filter Include="Header Files\INTERNALS\SMALL_SHARED_HEADERS">
      <UniqueIdentifier>{334ee24b-f9b8-418c-90a4-623f36207014}</UniqueIdentifier>
    </Filter>
  </ItemGroup>
  <ItemGroup>
    <ClInclude Include="assert.h">
      <Filter>Header Files</Filter>
    </ClInclude>
    <ClInclude Include="CRT_MACROS.h">
      <Filter>Header Files\INTERNALS</Filter>
    </ClInclude>
    <ClInclude Include="CRT_STARTUP.h">
      <Filter>Header Files\INTERNALS</Filter>
    </ClInclude>
    <ClInclude Include="stdint.h">
      <Filter>Header Files</Filter>
    </ClInclude>
    <ClInclude Include="wchar.h">
      <Filter>Header Files</Filter>
    </ClInclude>
    <ClInclude Include="stdbool.h">
      <Filter>Header Files</Filter>
    </ClInclude>
    <ClInclude Include="complex.h">
      <Filter>Header Files</Filter>
    </ClInclude>
    <ClInclude Include="string.h">
      <Filter>Header Files</Filter>
    </ClInclude>
    <ClInclude Include="ctype.h">
      <Filter>Header Files</Filter>
    </ClInclude>
    <ClInclude Include="errno.h">
      <Filter>Header Files</Filter>
    </ClInclude>
    <ClInclude Include="CRT_CORE.h">
      <Filter>Header Files\INTERNALS</Filter>
    </ClInclude>
    <ClInclude Include="fenv.h">
      <Filter>Header Files</Filter>
    </ClInclude>
    <ClInclude Include="stdlib.h">
      <Filter>Header Files</Filter>
    </ClInclude>
    <ClInclude Include="ThreadingSharedSymbols.h">
      <Filter>Header Files\INTERNALS\SMALL_SHARED_HEADERS</Filter>
    </ClInclude>
    <ClInclude Include="float.h">
      <Filter>Header Files</Filter>
    </ClInclude>
    <ClInclude Include="inttypes.h">
      <Filter>Header Files</Filter>
    </ClInclude>
    <ClInclude Include="iso646.h">
      <Filter>Header Files</Filter>
    </ClInclude>
    <ClInclude Include="locale.h">
      <Filter>Header Files</Filter>
    </ClInclude>
  </ItemGroup>
  <ItemGroup>
    <ClCompile Include="wassert.c.cpp">
      <Filter>Source Files</Filter>
    </ClCompile>
    <ClCompile Include="string.c.cpp">
      <Filter>Source Files</Filter>
    </ClCompile>
    <ClCompile Include="stdlib.c.cpp">
      <Filter>Source Files</Filter>
    </ClCompile>
  </ItemGroup>
  <ItemGroup>
    <None Include="DependencyTracer.md" />
  </ItemGroup>
</Project>